// !$*UTF8*$!
{
	archiveVersion = 1;
	classes = {
	};
	objectVersion = 46;
	objects = {

/* Begin PBXBuildFile section */
		84664E411D71EAC700A575E8 /* AppDelegate.swift in Sources */ = {isa = PBXBuildFile; fileRef = 84664E401D71EAC700A575E8 /* AppDelegate.swift */; };
		84664E431D71EAC700A575E8 /* ViewController.swift in Sources */ = {isa = PBXBuildFile; fileRef = 84664E421D71EAC700A575E8 /* ViewController.swift */; };
		84664E461D71EAC700A575E8 /* Main.storyboard in Resources */ = {isa = PBXBuildFile; fileRef = 84664E441D71EAC700A575E8 /* Main.storyboard */; };
		84664E481D71EAC700A575E8 /* Assets.xcassets in Resources */ = {isa = PBXBuildFile; fileRef = 84664E471D71EAC700A575E8 /* Assets.xcassets */; };
		84664E4B1D71EAC700A575E8 /* LaunchScreen.storyboard in Resources */ = {isa = PBXBuildFile; fileRef = 84664E491D71EAC700A575E8 /* LaunchScreen.storyboard */; };
		84664E601D71F66600A575E8 /* punch.wav in Resources */ = {isa = PBXBuildFile; fileRef = 84664E5D1D71F66600A575E8 /* punch.wav */; };
		84664E611D71F66600A575E8 /* scratch.wav in Resources */ = {isa = PBXBuildFile; fileRef = 84664E5E1D71F66600A575E8 /* scratch.wav */; };
		84664E621D71F66600A575E8 /* grenade.wav in Resources */ = {isa = PBXBuildFile; fileRef = 84664E5F1D71F66600A575E8 /* grenade.wav */; };
		84664E641D71F77A00A575E8 /* AVFoundation.framework in Frameworks */ = {isa = PBXBuildFile; fileRef = 84664E631D71F77A00A575E8 /* AVFoundation.framework */; };
		846FE07E1D735FBC00219B58 /* Cadastro.swift in Sources */ = {isa = PBXBuildFile; fileRef = 846FE07D1D735FBC00219B58 /* Cadastro.swift */; };
		846FE0801D735FE200219B58 /* Musica.swift in Sources */ = {isa = PBXBuildFile; fileRef = 846FE07F1D735FE200219B58 /* Musica.swift */; };
		846FE0821D7360A400219B58 /* MainViewController.swift in Sources */ = {isa = PBXBuildFile; fileRef = 846FE0811D7360A400219B58 /* MainViewController.swift */; };
		846FE0841D736A6600219B58 /* CelulaTableViewCell.swift in Sources */ = {isa = PBXBuildFile; fileRef = 846FE0831D736A6600219B58 /* CelulaTableViewCell.swift */; };
		846FE0861D73757200219B58 /* TableViewCell.swift in Sources */ = {isa = PBXBuildFile; fileRef = 846FE0851D73757200219B58 /* TableViewCell.swift */; };
		846FE08A1D73978600219B58 /* heartbeatenhanced.wav in Resources */ = {isa = PBXBuildFile; fileRef = 846FE0871D73978600219B58 /* heartbeatenhanced.wav */; };
		846FE08B1D73978600219B58 /* phoneringing.mp3 in Resources */ = {isa = PBXBuildFile; fileRef = 846FE0881D73978600219B58 /* phoneringing.mp3 */; };
		846FE08C1D73978600219B58 /* cheer.wav in Resources */ = {isa = PBXBuildFile; fileRef = 846FE0891D73978600219B58 /* cheer.wav */; };
/* End PBXBuildFile section */

/* Begin PBXFileReference section */
		84664E3D1D71EAC700A575E8 /* Playlist.app */ = {isa = PBXFileReference; explicitFileType = wrapper.application; includeInIndex = 0; path = Playlist.app; sourceTree = BUILT_PRODUCTS_DIR; };
		84664E401D71EAC700A575E8 /* AppDelegate.swift */ = {isa = PBXFileReference; lastKnownFileType = sourcecode.swift; path = AppDelegate.swift; sourceTree = "<group>"; };
		84664E421D71EAC700A575E8 /* ViewController.swift */ = {isa = PBXFileReference; lastKnownFileType = sourcecode.swift; path = ViewController.swift; sourceTree = "<group>"; };
		84664E451D71EAC700A575E8 /* Base */ = {isa = PBXFileReference; lastKnownFileType = file.storyboard; name = Base; path = Base.lproj/Main.storyboard; sourceTree = "<group>"; };
		84664E471D71EAC700A575E8 /* Assets.xcassets */ = {isa = PBXFileReference; lastKnownFileType = folder.assetcatalog; path = Assets.xcassets; sourceTree = "<group>"; };
		84664E4A1D71EAC700A575E8 /* Base */ = {isa = PBXFileReference; lastKnownFileType = file.storyboard; name = Base; path = Base.lproj/LaunchScreen.storyboard; sourceTree = "<group>"; };
		84664E4C1D71EAC700A575E8 /* Info.plist */ = {isa = PBXFileReference; lastKnownFileType = text.plist.xml; path = Info.plist; sourceTree = "<group>"; };
		84664E5D1D71F66600A575E8 /* punch.wav */ = {isa = PBXFileReference; lastKnownFileType = audio.wav; path = punch.wav; sourceTree = "<group>"; };
		84664E5E1D71F66600A575E8 /* scratch.wav */ = {isa = PBXFileReference; lastKnownFileType = audio.wav; path = scratch.wav; sourceTree = "<group>"; };
		84664E5F1D71F66600A575E8 /* grenade.wav */ = {isa = PBXFileReference; lastKnownFileType = audio.wav; path = grenade.wav; sourceTree = "<group>"; };
		84664E631D71F77A00A575E8 /* AVFoundation.framework */ = {isa = PBXFileReference; lastKnownFileType = wrapper.framework; name = AVFoundation.framework; path = System/Library/Frameworks/AVFoundation.framework; sourceTree = SDKROOT; };
		846FE07D1D735FBC00219B58 /* Cadastro.swift */ = {isa = PBXFileReference; fileEncoding = 4; lastKnownFileType = sourcecode.swift; path = Cadastro.swift; sourceTree = "<group>"; };
		846FE07F1D735FE200219B58 /* Musica.swift */ = {isa = PBXFileReference; fileEncoding = 4; lastKnownFileType = sourcecode.swift; path = Musica.swift; sourceTree = "<group>"; };
		846FE0811D7360A400219B58 /* MainViewController.swift */ = {isa = PBXFileReference; fileEncoding = 4; lastKnownFileType = sourcecode.swift; path = MainViewController.swift; sourceTree = "<group>"; };
		846FE0831D736A6600219B58 /* CelulaTableViewCell.swift */ = {isa = PBXFileReference; fileEncoding = 4; lastKnownFileType = sourcecode.swift; path = CelulaTableViewCell.swift; sourceTree = "<group>"; };
		846FE0851D73757200219B58 /* TableViewCell.swift */ = {isa = PBXFileReference; fileEncoding = 4; lastKnownFileType = sourcecode.swift; path = TableViewCell.swift; sourceTree = "<group>"; };
		846FE0871D73978600219B58 /* heartbeatenhanced.wav */ = {isa = PBXFileReference; lastKnownFileType = audio.wav; path = heartbeatenhanced.wav; sourceTree = "<group>"; };
		846FE0881D73978600219B58 /* phoneringing.mp3 */ = {isa = PBXFileReference; lastKnownFileType = audio.mp3; path = phoneringing.mp3; sourceTree = "<group>"; };
		846FE0891D73978600219B58 /* cheer.wav */ = {isa = PBXFileReference; lastKnownFileType = audio.wav; path = cheer.wav; sourceTree = "<group>"; };
/* End PBXFileReference section */

/* Begin PBXFrameworksBuildPhase section */
		84664E3A1D71EAC600A575E8 /* Frameworks */ = {
			isa = PBXFrameworksBuildPhase;
			buildActionMask = 2147483647;
			files = (
				84664E641D71F77A00A575E8 /* AVFoundation.framework in Frameworks */,
			);
			runOnlyForDeploymentPostprocessing = 0;
		};
/* End PBXFrameworksBuildPhase section */

/* Begin PBXGroup section */
		84664E341D71EAC600A575E8 = {
			isa = PBXGroup;
			children = (
				84664E631D71F77A00A575E8 /* AVFoundation.framework */,
				84664E3F1D71EAC700A575E8 /* Playlist */,
				84664E3E1D71EAC700A575E8 /* Products */,
			);
			sourceTree = "<group>";
		};
		84664E3E1D71EAC700A575E8 /* Products */ = {
			isa = PBXGroup;
			children = (
				84664E3D1D71EAC700A575E8 /* Playlist.app */,
			);
			name = Products;
			sourceTree = "<group>";
		};
		84664E3F1D71EAC700A575E8 /* Playlist */ = {
			isa = PBXGroup;
			children = (
				846FE07C1D735AD000219B58 /* model */,
				846FE07B1D735AC800219B58 /* controller */,
				846FE07A1D735ABF00219B58 /* view */,
				84664E401D71EAC700A575E8 /* AppDelegate.swift */,
				84664E471D71EAC700A575E8 /* Assets.xcassets */,
				84664E4C1D71EAC700A575E8 /* Info.plist */,
				84664E521D71F42200A575E8 /* Supporting Files */,
			);
			path = Playlist;
			sourceTree = "<group>";
		};
		84664E521D71F42200A575E8 /* Supporting Files */ = {
			isa = PBXGroup;
			children = (
				84664E531D71F46100A575E8 /* Music */,
			);
			name = "Supporting Files";
			sourceTree = "<group>";
		};
		84664E531D71F46100A575E8 /* Music */ = {
			isa = PBXGroup;
			children = (
				846FE0871D73978600219B58 /* heartbeatenhanced.wav */,
				846FE0881D73978600219B58 /* phoneringing.mp3 */,
				846FE0891D73978600219B58 /* cheer.wav */,
				84664E5D1D71F66600A575E8 /* punch.wav */,
				84664E5E1D71F66600A575E8 /* scratch.wav */,
				84664E5F1D71F66600A575E8 /* grenade.wav */,
			);
			name = Music;
			sourceTree = "<group>";
		};
		846FE07A1D735ABF00219B58 /* view */ = {
			isa = PBXGroup;
			children = (
				84664E441D71EAC700A575E8 /* Main.storyboard */,
				84664E491D71EAC700A575E8 /* LaunchScreen.storyboard */,
			);
			name = view;
			sourceTree = "<group>";
		};
		846FE07B1D735AC800219B58 /* controller */ = {
			isa = PBXGroup;
			children = (
				846FE0831D736A6600219B58 /* CelulaTableViewCell.swift */,
				84664E421D71EAC700A575E8 /* ViewController.swift */,
				846FE0811D7360A400219B58 /* MainViewController.swift */,
				846FE0851D73757200219B58 /* TableViewCell.swift */,
			);
			name = controller;
			sourceTree = "<group>";
		};
		846FE07C1D735AD000219B58 /* model */ = {
			isa = PBXGroup;
			children = (
				846FE07D1D735FBC00219B58 /* Cadastro.swift */,
				846FE07F1D735FE200219B58 /* Musica.swift */,
			);
			name = model;
			sourceTree = "<group>";
		};
/* End PBXGroup section */

/* Begin PBXNativeTarget section */
		84664E3C1D71EAC600A575E8 /* Playlist */ = {
			isa = PBXNativeTarget;
			buildConfigurationList = 84664E4F1D71EAC700A575E8 /* Build configuration list for PBXNativeTarget "Playlist" */;
			buildPhases = (
				84664E391D71EAC600A575E8 /* Sources */,
				84664E3A1D71EAC600A575E8 /* Frameworks */,
				84664E3B1D71EAC600A575E8 /* Resources */,
			);
			buildRules = (
			);
			dependencies = (
			);
			name = Playlist;
			productName = Playlist;
			productReference = 84664E3D1D71EAC700A575E8 /* Playlist.app */;
			productType = "com.apple.product-type.application";
		};
/* End PBXNativeTarget section */

/* Begin PBXProject section */
		84664E351D71EAC600A575E8 /* Project object */ = {
			isa = PBXProject;
			attributes = {
				LastSwiftUpdateCheck = 0730;
				LastUpgradeCheck = 0730;
				ORGANIZATIONNAME = admin;
				TargetAttributes = {
					84664E3C1D71EAC600A575E8 = {
						CreatedOnToolsVersion = 7.3.1;
					};
				};
			};
			buildConfigurationList = 84664E381D71EAC600A575E8 /* Build configuration list for PBXProject "Playlist" */;
			compatibilityVersion = "Xcode 3.2";
			developmentRegion = English;
			hasScannedForEncodings = 0;
			knownRegions = (
				en,
				Base,
			);
			mainGroup = 84664E341D71EAC600A575E8;
			productRefGroup = 84664E3E1D71EAC700A575E8 /* Products */;
			projectDirPath = "";
			projectRoot = "";
			targets = (
				84664E3C1D71EAC600A575E8 /* Playlist */,
			);
		};
/* End PBXProject section */

/* Begin PBXResourcesBuildPhase section */
		84664E3B1D71EAC600A575E8 /* Resources */ = {
			isa = PBXResourcesBuildPhase;
			buildActionMask = 2147483647;
			files = (
				846FE08C1D73978600219B58 /* cheer.wav in Resources */,
				84664E4B1D71EAC700A575E8 /* LaunchScreen.storyboard in Resources */,
				84664E621D71F66600A575E8 /* grenade.wav in Resources */,
				84664E481D71EAC700A575E8 /* Assets.xcassets in Resources */,
				84664E461D71EAC700A575E8 /* Main.storyboard in Resources */,
				846FE08A1D73978600219B58 /* heartbeatenhanced.wav in Resources */,
				84664E601D71F66600A575E8 /* punch.wav in Resources */,
				846FE08B1D73978600219B58 /* phoneringing.mp3 in Resources */,
				84664E611D71F66600A575E8 /* scratch.wav in Resources */,
			);
			runOnlyForDeploymentPostprocessing = 0;
		};
/* End PBXResourcesBuildPhase section */

/* Begin PBXSourcesBuildPhase section */
		84664E391D71EAC600A575E8 /* Sources */ = {
			isa = PBXSourcesBuildPhase;
			buildActionMask = 2147483647;
			files = (
				846FE07E1D735FBC00219B58 /* Cadastro.swift in Sources */,
				846FE0841D736A6600219B58 /* CelulaTableViewCell.swift in Sources */,
				846FE0801D735FE200219B58 /* Musica.swift in Sources */,
				84664E431D71EAC700A575E8 /* ViewController.swift in Sources */,
				84664E411D71EAC700A575E8 /* AppDelegate.swift in Sources */,
				846FE0861D73757200219B58 /* TableViewCell.swift in Sources */,
				846FE0821D7360A400219B58 /* MainViewController.swift in Sources */,
			);
			runOnlyForDeploymentPostprocessing = 0;
		};
/* End PBXSourcesBuildPhase section */

/* Begin PBXVariantGroup section */
		84664E441D71EAC700A575E8 /* Main.storyboard */ = {
			isa = PBXVariantGroup;
			children = (
				84664E451D71EAC700A575E8 /* Base */,
			);
			name = Main.storyboard;
			sourceTree = "<group>";
		};
		84664E491D71EAC700A575E8 /* LaunchScreen.storyboard */ = {
			isa = PBXVariantGroup;
			children = (
				84664E4A1D71EAC700A575E8 /* Base */,
			);
			name = LaunchScreen.storyboard;
			sourceTree = "<group>";
		};
/* End PBXVariantGroup section */

/* Begin XCBuildConfiguration section */
		84664E4D1D71EAC700A575E8 /* Debug */ = {
			isa = XCBuildConfiguration;
			buildSettings = {
				ALWAYS_SEARCH_USER_PATHS = NO;
				CLANG_ANALYZER_NONNULL = YES;
				CLANG_CXX_LANGUAGE_STANDARD = "gnu++0x";
				CLANG_CXX_LIBRARY = "libc++";
				CLANG_ENABLE_MODULES = YES;
				CLANG_ENABLE_OBJC_ARC = YES;
				CLANG_WARN_BOOL_CONVERSION = YES;
				CLANG_WARN_CONSTANT_CONVERSION = YES;
				CLANG_WARN_DIRECT_OBJC_ISA_USAGE = YES_ERROR;
				CLANG_WARN_EMPTY_BODY = YES;
				CLANG_WARN_ENUM_CONVERSION = YES;
				CLANG_WARN_INT_CONVERSION = YES;
				CLANG_WARN_OBJC_ROOT_CLASS = YES_ERROR;
				CLANG_WARN_UNREACHABLE_CODE = YES;
				CLANG_WARN__DUPLICATE_METHOD_MATCH = YES;
				"CODE_SIGN_IDENTITY[sdk=iphoneos*]" = "iPhone Developer";
				COPY_PHASE_STRIP = NO;
				DEBUG_INFORMATION_FORMAT = dwarf;
				ENABLE_STRICT_OBJC_MSGSEND = YES;
				ENABLE_TESTABILITY = YES;
				GCC_C_LANGUAGE_STANDARD = gnu99;
				GCC_DYNAMIC_NO_PIC = NO;
				GCC_NO_COMMON_BLOCKS = YES;
				GCC_OPTIMIZATION_LEVEL = 0;
				GCC_PREPROCESSOR_DEFINITIONS = (
					"DEBUG=1",
					"$(inherited)",
				);
				GCC_WARN_64_TO_32_BIT_CONVERSION = YES;
				GCC_WARN_ABOUT_RETURN_TYPE = YES_ERROR;
				GCC_WARN_UNDECLARED_SELECTOR = YES;
				GCC_WARN_UNINITIALIZED_AUTOS = YES_AGGRESSIVE;
				GCC_WARN_UNUSED_FUNCTION = YES;
				GCC_WARN_UNUSED_VARIABLE = YES;
				IPHONEOS_DEPLOYMENT_TARGET = 9.3;
				MTL_ENABLE_DEBUG_INFO = YES;
				ONLY_ACTIVE_ARCH = YES;
				SDKROOT = iphoneos;
				SWIFT_OPTIMIZATION_LEVEL = "-Onone";
			};
			name = Debug;
		};
		84664E4E1D71EAC700A575E8 /* Release */ = {
			isa = XCBuildConfiguration;
			buildSettings = {
				ALWAYS_SEARCH_USER_PATHS = NO;
				CLANG_ANALYZER_NONNULL = YES;
				CLANG_CXX_LANGUAGE_STANDARD = "gnu++0x";
				CLANG_CXX_LIBRARY = "libc++";
				CLANG_ENABLE_MODULES = YES;
				CLANG_ENABLE_OBJC_ARC = YES;
				CLANG_WARN_BOOL_CONVERSION = YES;
				CLANG_WARN_CONSTANT_CONVERSION = YES;
				CLANG_WARN_DIRECT_OBJC_ISA_USAGE = YES_ERROR;
				CLANG_WARN_EMPTY_BODY = YES;
				CLANG_WARN_ENUM_CONVERSION = YES;
				CLANG_WARN_INT_CONVERSION = YES;
				CLANG_WARN_OBJC_ROOT_CLASS = YES_ERROR;
				CLANG_WARN_UNREACHABLE_CODE = YES;
				CLANG_WARN__DUPLICATE_METHOD_MATCH = YES;
				"CODE_SIGN_IDENTITY[sdk=iphoneos*]" = "iPhone Developer";
				COPY_PHASE_STRIP = NO;
				DEBUG_INFORMATION_FORMAT = "dwarf-with-dsym";
				ENABLE_NS_ASSERTIONS = NO;
				ENABLE_STRICT_OBJC_MSGSEND = YES;
				GCC_C_LANGUAGE_STANDARD = gnu99;
				GCC_NO_COMMON_BLOCKS = YES;
				GCC_WARN_64_TO_32_BIT_CONVERSION = YES;
				GCC_WARN_ABOUT_RETURN_TYPE = YES_ERROR;
				GCC_WARN_UNDECLARED_SELECTOR = YES;
				GCC_WARN_UNINITIALIZED_AUTOS = YES_AGGRESSIVE;
				GCC_WARN_UNUSED_FUNCTION = YES;
				GCC_WARN_UNUSED_VARIABLE = YES;
				IPHONEOS_DEPLOYMENT_TARGET = 9.3;
				MTL_ENABLE_DEBUG_INFO = NO;
				SDKROOT = iphoneos;
				VALIDATE_PRODUCT = YES;
			};
			name = Release;
		};
		84664E501D71EAC700A575E8 /* Debug */ = {
			isa = XCBuildConfiguration;
			buildSettings = {
				ASSETCATALOG_COMPILER_APPICON_NAME = AppIcon;
				INFOPLIST_FILE = Playlist/Info.plist;
				LD_RUNPATH_SEARCH_PATHS = "$(inherited) @executable_path/Frameworks";
				PRODUCT_BUNDLE_IDENTIFIER = br.edu.ifpb.pdm.Playlist;
				PRODUCT_NAME = "$(TARGET_NAME)";
			};
			name = Debug;
		};
		84664E511D71EAC700A575E8 /* Release */ = {
			isa = XCBuildConfiguration;
			buildSettings = {
				ASSETCATALOG_COMPILER_APPICON_NAME = AppIcon;
				INFOPLIST_FILE = Playlist/Info.plist;
				LD_RUNPATH_SEARCH_PATHS = "$(inherited) @executable_path/Frameworks";
				PRODUCT_BUNDLE_IDENTIFIER = br.edu.ifpb.pdm.Playlist;
				PRODUCT_NAME = "$(TARGET_NAME)";
			};
			name = Release;
		};
/* End XCBuildConfiguration section */

/* Begin XCConfigurationList section */
		84664E381D71EAC600A575E8 /* Build configuration list for PBXProject "Playlist" */ = {
			isa = XCConfigurationList;
			buildConfigurations = (
				84664E4D1D71EAC700A575E8 /* Debug */,
				84664E4E1D71EAC700A575E8 /* Release */,
			);
			defaultConfigurationIsVisible = 0;
			defaultConfigurationName = Release;
		};
		84664E4F1D71EAC700A575E8 /* Build configuration list for PBXNativeTarget "Playlist" */ = {
			isa = XCConfigurationList;
			buildConfigurations = (
				84664E501D71EAC700A575E8 /* Debug */,
				84664E511D71EAC700A575E8 /* Release */,
			);
			defaultConfigurationIsVisible = 0;
			defaultConfigurationName = Release;
		};
/* End XCConfigurationList section */
	};
	rootObject = 84664E351D71EAC600A575E8 /* Project object */;
}
